
Microsoft Visual Studio Solution File, Format Version 12.00
# Visual Studio Version 16
VisualStudioVersion = 16.0.29102.190
MinimumVisualStudioVersion = 10.0.40219.1
Project("{FAE04EC0-301F-11D3-BF4B-00C04F79EFBC}") = "FinalRailEditor", "FinalRailEditor\FinalRailEditor.csproj", "{368F8AAB-2599-4A35-8A61-461AA36B53F0}"
EndProject
Global
	GlobalSection(SolutionConfigurationPlatforms) = preSolution
		Debug|Any CPU = Debug|Any CPU
		Release|Any CPU = Release|Any CPU
	EndGlobalSection
	GlobalSection(ProjectConfigurationPlatforms) = postSolution
		{368F8AAB-2599-4A35-8A61-461AA36B53F0}.Debug|Any CPU.ActiveCfg = Debug|Any CPU
		{368F8AAB-2599-4A35-8A61-461AA36B53F0}.Debug|Any CPU.Build.0 = Debug|Any CPU
		{368F8AAB-2599-4A35-8A61-461AA36B53F0}.Release|Any CPU.ActiveCfg = Release|Any CPU
		{368F8AAB-2599-4A35-8A61-461AA36B53F0}.Release|Any CPU.Build.0 = Release|Any CPU
	EndGlobalSection
	GlobalSection(SolutionProperties) = preSolution
		HideSolutionNode = FALSE
	EndGlobalSection
	GlobalSection(ExtensibilityGlobals) = postSolution
		SolutionGuid = {E7FFE6E9-7EA6-46FB-A115-E194AD3CF837}
	EndGlobalSection
EndGlobal
